uuid: e96fa978-a346-4b46-8292-4059f3a2f574
langcode: en
status: true
dependencies:
  module:
    - sample_trainer
    - system
    - user
  theme:
    - claro
id: buypokeballblock
theme: claro
region: content
weight: 0
provider: null
plugin: buy_pokeball_block
settings:
  id: buy_pokeball_block
  label: 'Buy Pokeball Block'
  label_display: visible
  provider: sample_trainer
visibility:
  request_path:
    id: request_path
    negate: false
    pages: '/user/*'
  user_role:
    id: user_role
    negate: false
    context_mapping:
      user: '@user.current_user_context:current_user'
    roles:
      authenticated: authenticated
